
Microsoft Visual Studio Solution File, Format Version 12.00
# Visual Studio Version 16
VisualStudioVersion = 25.0.1703.3
MinimumVisualStudioVersion = 10.0.40219.1
Project("{FAE04EC0-301F-11D3-BF4B-00C04F79EFBC}") = "BlazorEcommerce.Server", "BlazorEcommerce\Server\BlazorEcommerce.Server.csproj", "{655B68C7-E902-4AEA-875C-F4A32310E721}"
EndProject
Project("{FAE04EC0-301F-11D3-BF4B-00C04F79EFBC}") = "BlazorEcommerce.Client", "BlazorEcommerce\Client\BlazorEcommerce.Client.csproj", "{A4865303-707B-4680-90C2-299309FE7AF5}"
EndProject
Project("{FAE04EC0-301F-11D3-BF4B-00C04F79EFBC}") = "BlazorEcommerce.Shared", "BlazorEcommerce\Shared\BlazorEcommerce.Shared.csproj", "{6EE0FFF3-13C0-44C4-A558-D817FEBEBA23}"
EndProject
Project("{FAE04EC0-301F-11D3-BF4B-00C04F79EFBC}") = "UnitTest", "UnitTest\UnitTest.csproj", "{67C44064-0FCE-4C4A-A5C9-59CD5B9B15E3}"
EndProject
Global
	GlobalSection(SolutionConfigurationPlatforms) = preSolution
		Debug|Any CPU = Debug|Any CPU
		Release|Any CPU = Release|Any CPU
	EndGlobalSection
	GlobalSection(ProjectConfigurationPlatforms) = postSolution
		{655B68C7-E902-4AEA-875C-F4A32310E721}.Debug|Any CPU.ActiveCfg = Debug|Any CPU
		{655B68C7-E902-4AEA-875C-F4A32310E721}.Debug|Any CPU.Build.0 = Debug|Any CPU
		{655B68C7-E902-4AEA-875C-F4A32310E721}.Release|Any CPU.ActiveCfg = Release|Any CPU
		{655B68C7-E902-4AEA-875C-F4A32310E721}.Release|Any CPU.Build.0 = Release|Any CPU
		{A4865303-707B-4680-90C2-299309FE7AF5}.Debug|Any CPU.ActiveCfg = Debug|Any CPU
		{A4865303-707B-4680-90C2-299309FE7AF5}.Debug|Any CPU.Build.0 = Debug|Any CPU
		{A4865303-707B-4680-90C2-299309FE7AF5}.Release|Any CPU.ActiveCfg = Release|Any CPU
		{A4865303-707B-4680-90C2-299309FE7AF5}.Release|Any CPU.Build.0 = Release|Any CPU
		{6EE0FFF3-13C0-44C4-A558-D817FEBEBA23}.Debug|Any CPU.ActiveCfg = Debug|Any CPU
		{6EE0FFF3-13C0-44C4-A558-D817FEBEBA23}.Debug|Any CPU.Build.0 = Debug|Any CPU
		{6EE0FFF3-13C0-44C4-A558-D817FEBEBA23}.Release|Any CPU.ActiveCfg = Release|Any CPU
		{6EE0FFF3-13C0-44C4-A558-D817FEBEBA23}.Release|Any CPU.Build.0 = Release|Any CPU
		{67C44064-0FCE-4C4A-A5C9-59CD5B9B15E3}.Debug|Any CPU.ActiveCfg = Debug|Any CPU
		{67C44064-0FCE-4C4A-A5C9-59CD5B9B15E3}.Debug|Any CPU.Build.0 = Debug|Any CPU
		{67C44064-0FCE-4C4A-A5C9-59CD5B9B15E3}.Release|Any CPU.ActiveCfg = Release|Any CPU
		{67C44064-0FCE-4C4A-A5C9-59CD5B9B15E3}.Release|Any CPU.Build.0 = Release|Any CPU
	EndGlobalSection
	GlobalSection(SolutionProperties) = preSolution
		HideSolutionNode = FALSE
	EndGlobalSection
	GlobalSection(ExtensibilityGlobals) = postSolution
		SolutionGuid = {74BEFDDE-E42A-4D1F-B8B0-5319CF086636}
	EndGlobalSection
EndGlobal
